
Microsoft Visual Studio Solution File, Format Version 12.00
# Visual Studio Version 17
VisualStudioVersion = 17.8.34408.163
MinimumVisualStudioVersion = 10.0.40219.1
Project("{FAE04EC0-301F-11D3-BF4B-00C04F79EFBC}") = "MyProjectC", "MyProjectC.csproj", "{456A0EFF-F237-4C43-B4F9-90DDD35136D9}"
EndProject
Global
	GlobalSection(SolutionConfigurationPlatforms) = preSolution
		Debug|Any CPU = Debug|Any CPU
		Release|Any CPU = Release|Any CPU
	EndGlobalSection
	GlobalSection(ProjectConfigurationPlatforms) = postSolution
		{456A0EFF-F237-4C43-B4F9-90DDD35136D9}.Debug|Any CPU.ActiveCfg = Debug|Any CPU
		{456A0EFF-F237-4C43-B4F9-90DDD35136D9}.Debug|Any CPU.Build.0 = Debug|Any CPU
		{456A0EFF-F237-4C43-B4F9-90DDD35136D9}.Release|Any CPU.ActiveCfg = Release|Any CPU
		{456A0EFF-F237-4C43-B4F9-90DDD35136D9}.Release|Any CPU.Build.0 = Release|Any CPU
	EndGlobalSection
	GlobalSection(SolutionProperties) = preSolution
		HideSolutionNode = FALSE
	EndGlobalSection
	GlobalSection(ExtensibilityGlobals) = postSolution
		SolutionGuid = {9E81CC53-BEAD-42B4-9E82-86A62CA0CCB0}
	EndGlobalSection
EndGlobal
